// !$*UTF8*$!
{
	archiveVersion = 1;
	classes = {
	};
	objectVersion = 46;
	objects = {

/* Begin PBXBuildFile section */
		34059AAF1C972854006D5718 /* PatchBrowser.swift in Sources */ = {isa = PBXBuildFile; fileRef = 34059AAE1C972854006D5718 /* PatchBrowser.swift */; };
		34059AB11C972984006D5718 /* PatchTableViewCell.swift in Sources */ = {isa = PBXBuildFile; fileRef = 34059AB01C972984006D5718 /* PatchTableViewCell.swift */; };
		34059AB71C972BD0006D5718 /* P6AMB.wav in Resources */ = {isa = PBXBuildFile; fileRef = 34059AB31C972BD0006D5718 /* P6AMB.wav */; };
		34059AB81C972BD0006D5718 /* P6FAT.wav in Resources */ = {isa = PBXBuildFile; fileRef = 34059AB41C972BD0006D5718 /* P6FAT.wav */; };
		34059AB91C972BD0006D5718 /* BELL.wav in Resources */ = {isa = PBXBuildFile; fileRef = 34059AB51C972BD0006D5718 /* BELL.wav */; };
		34A450101C964E9C00545C2B /* ChordCalculator.swift in Sources */ = {isa = PBXBuildFile; fileRef = 34A4500F1C964E9B00545C2B /* ChordCalculator.swift */; };
		34FB446F1C8DD71300238009 /* AppDelegate.swift in Sources */ = {isa = PBXBuildFile; fileRef = 34FB446E1C8DD71300238009 /* AppDelegate.swift */; };
		34FB44711C8DD71300238009 /* SynthViewController.swift in Sources */ = {isa = PBXBuildFile; fileRef = 34FB44701C8DD71300238009 /* SynthViewController.swift */; };
		34FB44741C8DD71300238009 /* Main.storyboard in Resources */ = {isa = PBXBuildFile; fileRef = 34FB44721C8DD71300238009 /* Main.storyboard */; };
		34FB44761C8DD71300238009 /* Assets.xcassets in Resources */ = {isa = PBXBuildFile; fileRef = 34FB44751C8DD71300238009 /* Assets.xcassets */; };
		34FB44791C8DD71300238009 /* LaunchScreen.storyboard in Resources */ = {isa = PBXBuildFile; fileRef = 34FB44771C8DD71300238009 /* LaunchScreen.storyboard */; };
		34FB44851C8DD7A300238009 /* AudioKit.framework in Frameworks */ = {isa = PBXBuildFile; fileRef = 34FB44841C8DD7A300238009 /* AudioKit.framework */; };
		34FB44861C8DD7A300238009 /* AudioKit.framework in Embed Frameworks */ = {isa = PBXBuildFile; fileRef = 34FB44841C8DD7A300238009 /* AudioKit.framework */; settings = {ATTRIBUTES = (CodeSignOnCopy, RemoveHeadersOnCopy, ); }; };
/* End PBXBuildFile section */

/* Begin PBXCopyFilesBuildPhase section */
		34D0D9451C963D53000A4E8D /* CopyFiles */ = {
			isa = PBXCopyFilesBuildPhase;
			buildActionMask = 2147483647;
			dstPath = "";
			dstSubfolderSpec = 7;
			files = (
			);
			runOnlyForDeploymentPostprocessing = 0;
		};
		34FB44831C8DD72900238009 /* Embed Frameworks */ = {
			isa = PBXCopyFilesBuildPhase;
			buildActionMask = 2147483647;
			dstPath = "";
			dstSubfolderSpec = 10;
			files = (
				34FB44861C8DD7A300238009 /* AudioKit.framework in Embed Frameworks */,
			);
			name = "Embed Frameworks";
			runOnlyForDeploymentPostprocessing = 0;
		};
/* End PBXCopyFilesBuildPhase section */

/* Begin PBXFileReference section */
		34059AAE1C972854006D5718 /* PatchBrowser.swift */ = {isa = PBXFileReference; fileEncoding = 4; lastKnownFileType = sourcecode.swift; path = PatchBrowser.swift; sourceTree = "<group>"; };
		34059AB01C972984006D5718 /* PatchTableViewCell.swift */ = {isa = PBXFileReference; fileEncoding = 4; lastKnownFileType = sourcecode.swift; path = PatchTableViewCell.swift; sourceTree = "<group>"; };
		34059AB31C972BD0006D5718 /* P6AMB.wav */ = {isa = PBXFileReference; lastKnownFileType = audio.wav; path = P6AMB.wav; sourceTree = "<group>"; };
		34059AB41C972BD0006D5718 /* P6FAT.wav */ = {isa = PBXFileReference; lastKnownFileType = audio.wav; path = P6FAT.wav; sourceTree = "<group>"; };
		34059AB51C972BD0006D5718 /* BELL.wav */ = {isa = PBXFileReference; lastKnownFileType = audio.wav; path = BELL.wav; sourceTree = "<group>"; };
		34A4500F1C964E9B00545C2B /* ChordCalculator.swift */ = {isa = PBXFileReference; fileEncoding = 4; lastKnownFileType = sourcecode.swift; path = ChordCalculator.swift; sourceTree = "<group>"; };
		34FB446B1C8DD71300238009 /* FinalProject.app */ = {isa = PBXFileReference; explicitFileType = wrapper.application; includeInIndex = 0; path = FinalProject.app; sourceTree = BUILT_PRODUCTS_DIR; };
		34FB446E1C8DD71300238009 /* AppDelegate.swift */ = {isa = PBXFileReference; lastKnownFileType = sourcecode.swift; path = AppDelegate.swift; sourceTree = "<group>"; };
		34FB44701C8DD71300238009 /* SynthViewController.swift */ = {isa = PBXFileReference; lastKnownFileType = sourcecode.swift; path = SynthViewController.swift; sourceTree = "<group>"; };
		34FB44731C8DD71300238009 /* Base */ = {isa = PBXFileReference; lastKnownFileType = file.storyboard; name = Base; path = Base.lproj/Main.storyboard; sourceTree = "<group>"; };
		34FB44751C8DD71300238009 /* Assets.xcassets */ = {isa = PBXFileReference; lastKnownFileType = folder.assetcatalog; path = Assets.xcassets; sourceTree = "<group>"; };
		34FB44781C8DD71300238009 /* Base */ = {isa = PBXFileReference; lastKnownFileType = file.storyboard; name = Base; path = Base.lproj/LaunchScreen.storyboard; sourceTree = "<group>"; };
		34FB447A1C8DD71300238009 /* Info.plist */ = {isa = PBXFileReference; lastKnownFileType = text.plist.xml; path = Info.plist; sourceTree = "<group>"; };
		34FB44841C8DD7A300238009 /* AudioKit.framework */ = {isa = PBXFileReference; lastKnownFileType = wrapper.framework; path = AudioKit.framework; sourceTree = SOURCE_ROOT; };
/* End PBXFileReference section */

/* Begin PBXFrameworksBuildPhase section */
		34FB44681C8DD71300238009 /* Frameworks */ = {
			isa = PBXFrameworksBuildPhase;
			buildActionMask = 2147483647;
			files = (
				34FB44851C8DD7A300238009 /* AudioKit.framework in Frameworks */,
			);
			runOnlyForDeploymentPostprocessing = 0;
		};
/* End PBXFrameworksBuildPhase section */

/* Begin PBXGroup section */
		3415B4FE1C962F5B001BBD5D /* Resources */ = {
			isa = PBXGroup;
			children = (
				34059AB31C972BD0006D5718 /* P6AMB.wav */,
				34059AB41C972BD0006D5718 /* P6FAT.wav */,
				34059AB51C972BD0006D5718 /* BELL.wav */,
			);
			path = Resources;
			sourceTree = "<group>";
		};
		34FB44621C8DD71300238009 = {
			isa = PBXGroup;
			children = (
				34FF3D871C9723BF00F4A4AD /* Korg PolySix */,
				34FB44841C8DD7A300238009 /* AudioKit.framework */,
				34FB446D1C8DD71300238009 /* FinalProject */,
				34FB446C1C8DD71300238009 /* Products */,
				3415B4FE1C962F5B001BBD5D /* Resources */,
			);
			sourceTree = "<group>";
		};
		34FB446C1C8DD71300238009 /* Products */ = {
			isa = PBXGroup;
			children = (
				34FB446B1C8DD71300238009 /* FinalProject.app */,
			);
			name = Products;
			sourceTree = "<group>";
		};
		34FB446D1C8DD71300238009 /* FinalProject */ = {
			isa = PBXGroup;
			children = (
				34059AB01C972984006D5718 /* PatchTableViewCell.swift */,
				34059AAE1C972854006D5718 /* PatchBrowser.swift */,
				34A4500F1C964E9B00545C2B /* ChordCalculator.swift */,
				34FB446E1C8DD71300238009 /* AppDelegate.swift */,
				34FB44701C8DD71300238009 /* SynthViewController.swift */,
				34FB44721C8DD71300238009 /* Main.storyboard */,
				34FB44751C8DD71300238009 /* Assets.xcassets */,
				34FB44771C8DD71300238009 /* LaunchScreen.storyboard */,
				34FB447A1C8DD71300238009 /* Info.plist */,
			);
			path = FinalProject;
			sourceTree = "<group>";
		};
		34FF3D871C9723BF00F4A4AD /* Korg PolySix */ = {
			isa = PBXGroup;
			children = (
			);
			path = "Korg PolySix";
			sourceTree = "<group>";
		};
/* End PBXGroup section */

/* Begin PBXNativeTarget section */
		34FB446A1C8DD71300238009 /* FinalProject */ = {
			isa = PBXNativeTarget;
			buildConfigurationList = 34FB447D1C8DD71300238009 /* Build configuration list for PBXNativeTarget "FinalProject" */;
			buildPhases = (
				34FB44671C8DD71300238009 /* Sources */,
				34FB44681C8DD71300238009 /* Frameworks */,
				34FB44691C8DD71300238009 /* Resources */,
				34FB44831C8DD72900238009 /* Embed Frameworks */,
				34D0D9451C963D53000A4E8D /* CopyFiles */,
			);
			buildRules = (
			);
			dependencies = (
			);
			name = FinalProject;
			productName = FinalProject;
			productReference = 34FB446B1C8DD71300238009 /* FinalProject.app */;
			productType = "com.apple.product-type.application";
		};
/* End PBXNativeTarget section */

/* Begin PBXProject section */
		34FB44631C8DD71300238009 /* Project object */ = {
			isa = PBXProject;
			attributes = {
				LastSwiftUpdateCheck = 0720;
				LastUpgradeCheck = 0720;
				ORGANIZATIONNAME = "Samuel Johnson";
				TargetAttributes = {
					34FB446A1C8DD71300238009 = {
						CreatedOnToolsVersion = 7.2;
					};
				};
			};
			buildConfigurationList = 34FB44661C8DD71300238009 /* Build configuration list for PBXProject "FinalProject" */;
			compatibilityVersion = "Xcode 3.2";
			developmentRegion = English;
			hasScannedForEncodings = 0;
			knownRegions = (
				en,
				Base,
			);
			mainGroup = 34FB44621C8DD71300238009;
			productRefGroup = 34FB446C1C8DD71300238009 /* Products */;
			projectDirPath = "";
			projectRoot = "";
			targets = (
				34FB446A1C8DD71300238009 /* FinalProject */,
			);
		};
/* End PBXProject section */

/* Begin PBXResourcesBuildPhase section */
		34FB44691C8DD71300238009 /* Resources */ = {
			isa = PBXResourcesBuildPhase;
			buildActionMask = 2147483647;
			files = (
				34059AB71C972BD0006D5718 /* P6AMB.wav in Resources */,
				34FB44791C8DD71300238009 /* LaunchScreen.storyboard in Resources */,
				34059AB91C972BD0006D5718 /* BELL.wav in Resources */,
				34FB44761C8DD71300238009 /* Assets.xcassets in Resources */,
				34059AB81C972BD0006D5718 /* P6FAT.wav in Resources */,
				34FB44741C8DD71300238009 /* Main.storyboard in Resources */,
			);
			runOnlyForDeploymentPostprocessing = 0;
		};
/* End PBXResourcesBuildPhase section */

/* Begin PBXSourcesBuildPhase section */
		34FB44671C8DD71300238009 /* Sources */ = {
			isa = PBXSourcesBuildPhase;
			buildActionMask = 2147483647;
			files = (
				34FB44711C8DD71300238009 /* SynthViewController.swift in Sources */,
				34059AB11C972984006D5718 /* PatchTableViewCell.swift in Sources */,
				34A450101C964E9C00545C2B /* ChordCalculator.swift in Sources */,
				34FB446F1C8DD71300238009 /* AppDelegate.swift in Sources */,
				34059AAF1C972854006D5718 /* PatchBrowser.swift in Sources */,
			);
			runOnlyForDeploymentPostprocessing = 0;
		};
/* End PBXSourcesBuildPhase section */

/* Begin PBXVariantGroup section */
		34FB44721C8DD71300238009 /* Main.storyboard */ = {
			isa = PBXVariantGroup;
			children = (
				34FB44731C8DD71300238009 /* Base */,
			);
			name = Main.storyboard;
			sourceTree = "<group>";
		};
		34FB44771C8DD71300238009 /* LaunchScreen.storyboard */ = {
			isa = PBXVariantGroup;
			children = (
				34FB44781C8DD71300238009 /* Base */,
			);
			name = LaunchScreen.storyboard;
			sourceTree = "<group>";
		};
/* End PBXVariantGroup section */

/* Begin XCBuildConfiguration section */
		34FB447B1C8DD71300238009 /* Debug */ = {
			isa = XCBuildConfiguration;
			buildSettings = {
				ALWAYS_SEARCH_USER_PATHS = NO;
				CLANG_CXX_LANGUAGE_STANDARD = "gnu++0x";
				CLANG_CXX_LIBRARY = "libc++";
				CLANG_ENABLE_MODULES = YES;
				CLANG_ENABLE_OBJC_ARC = YES;
				CLANG_WARN_BOOL_CONVERSION = YES;
				CLANG_WARN_CONSTANT_CONVERSION = YES;
				CLANG_WARN_DIRECT_OBJC_ISA_USAGE = YES_ERROR;
				CLANG_WARN_EMPTY_BODY = YES;
				CLANG_WARN_ENUM_CONVERSION = YES;
				CLANG_WARN_INT_CONVERSION = YES;
				CLANG_WARN_OBJC_ROOT_CLASS = YES_ERROR;
				CLANG_WARN_UNREACHABLE_CODE = YES;
				CLANG_WARN__DUPLICATE_METHOD_MATCH = YES;
				"CODE_SIGN_IDENTITY[sdk=iphoneos*]" = "iPhone Developer";
				COPY_PHASE_STRIP = NO;
				DEBUG_INFORMATION_FORMAT = dwarf;
				ENABLE_STRICT_OBJC_MSGSEND = YES;
				ENABLE_TESTABILITY = YES;
				GCC_C_LANGUAGE_STANDARD = gnu99;
				GCC_DYNAMIC_NO_PIC = NO;
				GCC_NO_COMMON_BLOCKS = YES;
				GCC_OPTIMIZATION_LEVEL = 0;
				GCC_PREPROCESSOR_DEFINITIONS = (
					"DEBUG=1",
					"$(inherited)",
				);
				GCC_WARN_64_TO_32_BIT_CONVERSION = YES;
				GCC_WARN_ABOUT_RETURN_TYPE = YES_ERROR;
				GCC_WARN_UNDECLARED_SELECTOR = YES;
				GCC_WARN_UNINITIALIZED_AUTOS = YES_AGGRESSIVE;
				GCC_WARN_UNUSED_FUNCTION = YES;
				GCC_WARN_UNUSED_VARIABLE = YES;
				IPHONEOS_DEPLOYMENT_TARGET = 9.2;
				MTL_ENABLE_DEBUG_INFO = YES;
				ONLY_ACTIVE_ARCH = YES;
				SDKROOT = iphoneos;
				SWIFT_OPTIMIZATION_LEVEL = "-Onone";
				TARGETED_DEVICE_FAMILY = 2;
			};
			name = Debug;
		};
		34FB447C1C8DD71300238009 /* Release */ = {
			isa = XCBuildConfiguration;
			buildSettings = {
				ALWAYS_SEARCH_USER_PATHS = NO;
				CLANG_CXX_LANGUAGE_STANDARD = "gnu++0x";
				CLANG_CXX_LIBRARY = "libc++";
				CLANG_ENABLE_MODULES = YES;
				CLANG_ENABLE_OBJC_ARC = YES;
				CLANG_WARN_BOOL_CONVERSION = YES;
				CLANG_WARN_CONSTANT_CONVERSION = YES;
				CLANG_WARN_DIRECT_OBJC_ISA_USAGE = YES_ERROR;
				CLANG_WARN_EMPTY_BODY = YES;
				CLANG_WARN_ENUM_CONVERSION = YES;
				CLANG_WARN_INT_CONVERSION = YES;
				CLANG_WARN_OBJC_ROOT_CLASS = YES_ERROR;
				CLANG_WARN_UNREACHABLE_CODE = YES;
				CLANG_WARN__DUPLICATE_METHOD_MATCH = YES;
				"CODE_SIGN_IDENTITY[sdk=iphoneos*]" = "iPhone Developer";
				COPY_PHASE_STRIP = NO;
				DEBUG_INFORMATION_FORMAT = "dwarf-with-dsym";
				ENABLE_NS_ASSERTIONS = NO;
				ENABLE_STRICT_OBJC_MSGSEND = YES;
				GCC_C_LANGUAGE_STANDARD = gnu99;
				GCC_NO_COMMON_BLOCKS = YES;
				GCC_WARN_64_TO_32_BIT_CONVERSION = YES;
				GCC_WARN_ABOUT_RETURN_TYPE = YES_ERROR;
				GCC_WARN_UNDECLARED_SELECTOR = YES;
				GCC_WARN_UNINITIALIZED_AUTOS = YES_AGGRESSIVE;
				GCC_WARN_UNUSED_FUNCTION = YES;
				GCC_WARN_UNUSED_VARIABLE = YES;
				IPHONEOS_DEPLOYMENT_TARGET = 9.2;
				MTL_ENABLE_DEBUG_INFO = NO;
				SDKROOT = iphoneos;
				TARGETED_DEVICE_FAMILY = 2;
				VALIDATE_PRODUCT = YES;
			};
			name = Release;
		};
		34FB447E1C8DD71300238009 /* Debug */ = {
			isa = XCBuildConfiguration;
			buildSettings = {
				ASSETCATALOG_COMPILER_APPICON_NAME = AppIcon;
				FRAMEWORK_SEARCH_PATHS = (
					"$(inherited)",
					"$(PROJECT_DIR)",
				);
				INFOPLIST_FILE = FinalProject/Info.plist;
				LD_RUNPATH_SEARCH_PATHS = "$(inherited) @executable_path/Frameworks";
				PRODUCT_BUNDLE_IDENTIFIER = scj0055.FinalProject;
				PRODUCT_NAME = "$(TARGET_NAME)";
			};
			name = Debug;
		};
		34FB447F1C8DD71300238009 /* Release */ = {
			isa = XCBuildConfiguration;
			buildSettings = {
				ASSETCATALOG_COMPILER_APPICON_NAME = AppIcon;
				FRAMEWORK_SEARCH_PATHS = (
					"$(inherited)",
					"$(PROJECT_DIR)",
				);
				INFOPLIST_FILE = FinalProject/Info.plist;
				LD_RUNPATH_SEARCH_PATHS = "$(inherited) @executable_path/Frameworks";
				PRODUCT_BUNDLE_IDENTIFIER = scj0055.FinalProject;
				PRODUCT_NAME = "$(TARGET_NAME)";
			};
			name = Release;
		};
/* End XCBuildConfiguration section */

/* Begin XCConfigurationList section */
		34FB44661C8DD71300238009 /* Build configuration list for PBXProject "FinalProject" */ = {
			isa = XCConfigurationList;
			buildConfigurations = (
				34FB447B1C8DD71300238009 /* Debug */,
				34FB447C1C8DD71300238009 /* Release */,
			);
			defaultConfigurationIsVisible = 0;
			defaultConfigurationName = Release;
		};
		34FB447D1C8DD71300238009 /* Build configuration list for PBXNativeTarget "FinalProject" */ = {
			isa = XCConfigurationList;
			buildConfigurations = (
				34FB447E1C8DD71300238009 /* Debug */,
				34FB447F1C8DD71300238009 /* Release */,
			);
			defaultConfigurationIsVisible = 0;
			defaultConfigurationName = Release;
		};
/* End XCConfigurationList section */
	};
	rootObject = 34FB44631C8DD71300238009 /* Project object */;
}
